{
    "_readme": [
        "This file locks the dependencies of your project to a known state",
        "Read more about it at https://getcomposer.org/doc/01-basic-usage.md#installing-dependencies",
        "This file is @generated automatically"
    ],
    "content-hash": "6320b7920e0bae65fa77c824c1e73297",
    "packages": [
        {
            "name": "kenwheeler/slick",
            "version": "dev-master",
            "source": {
                "type": "git",
                "url": "https://github.com/Alexander2Leb/slick.git",
                "reference": "0c4f678ffc9c473a892aed8869cc31ce98ceedd2"
            },
            "dist": {
                "type": "zip",
                "url": "https://api.github.com/repos/Alexander2Leb/slick/zipball/0c4f678ffc9c473a892aed8869cc31ce98ceedd2",
                "reference": "0c4f678ffc9c473a892aed8869cc31ce98ceedd2",
                "shasum": ""
            },
            "default-branch": true,
            "type": "library",
            "notification-url": "https://packagist.org/downloads/",
            "support": {
                "source": "https://github.com/Alexander2Leb/slick/tree/master"
            },
            "time": "2017-04-04T19:20:42+00:00"
        }
    ],
    "packages-dev": [],
    "aliases": [],
    "minimum-stability": "dev",
    "stability-flags": [],
    "prefer-stable": false,
    "prefer-lowest": false,
    "platform": [],
    "platform-dev": [],
    "plugin-api-version": "2.6.0"
}
